
Microsoft Visual Studio Solution File, Format Version 12.00
# Visual Studio Version 16
VisualStudioVersion = 16.0.29519.181
MinimumVisualStudioVersion = 10.0.40219.1
Project("{8BC9CEB8-8B4A-11D0-8D11-00A0C91BC942}") = "quick_simple_pointers", "quick_simple_pointers.vcxproj", "{37B9CA19-7CF0-4C8F-9496-C7944B408C48}"
EndProject
Global
	GlobalSection(SolutionConfigurationPlatforms) = preSolution
		Debug|x64 = Debug|x64
		Debug|x86 = Debug|x86
		Release|x64 = Release|x64
		Release|x86 = Release|x86
	EndGlobalSection
	GlobalSection(ProjectConfigurationPlatforms) = postSolution
		{37B9CA19-7CF0-4C8F-9496-C7944B408C48}.Debug|x64.ActiveCfg = Debug|x64
		{37B9CA19-7CF0-4C8F-9496-C7944B408C48}.Debug|x64.Build.0 = Debug|x64
		{37B9CA19-7CF0-4C8F-9496-C7944B408C48}.Debug|x86.ActiveCfg = Debug|Win32
		{37B9CA19-7CF0-4C8F-9496-C7944B408C48}.Debug|x86.Build.0 = Debug|Win32
		{37B9CA19-7CF0-4C8F-9496-C7944B408C48}.Release|x64.ActiveCfg = Release|x64
		{37B9CA19-7CF0-4C8F-9496-C7944B408C48}.Release|x64.Build.0 = Release|x64
		{37B9CA19-7CF0-4C8F-9496-C7944B408C48}.Release|x86.ActiveCfg = Release|Win32
		{37B9CA19-7CF0-4C8F-9496-C7944B408C48}.Release|x86.Build.0 = Release|Win32
	EndGlobalSection
	GlobalSection(SolutionProperties) = preSolution
		HideSolutionNode = FALSE
	EndGlobalSection
	GlobalSection(ExtensibilityGlobals) = postSolution
		SolutionGuid = {EB647E3E-1CE6-48DD-A1A8-D691B8CD65E3}
	EndGlobalSection
EndGlobal
